{
    "_readme": [
        "This file locks the dependencies of your project to a known state",
        "Read more about it at https://getcomposer.org/doc/01-basic-usage.md#installing-dependencies",
        "This file is @generated automatically"
    ],
    "content-hash": "5884367efc8e0ff630f7424567d41f22",
    "packages": [
        {
            "name": "phpunit/php-invoker",
            "version": "3.1.1",
            "source": {
                "type": "git",
                "url": "https://github.com/sebastianbergmann/php-invoker.git",
                "reference": "5a10147d0aaf65b58940a0b72f71c9ac0423cc67"
            },
            "dist": {
                "type": "zip",
                "url": "https://api.github.com/repos/sebastianbergmann/php-invoker/zipball/5a10147d0aaf65b58940a0b72f71c9ac0423cc67",
                "reference": "5a10147d0aaf65b58940a0b72f71c9ac0423cc67",
                "shasum": ""
            },
            "require": {
                "php": ">=7.3"
            },
            "require-dev": {
                "ext-pcntl": "*",
                "phpunit/phpunit": "^9.3"
            },
            "suggest": {
                "ext-pcntl": "*"
            },
            "type": "library",
            "extra": {
                "branch-alias": {
                    "dev-master": "3.1-dev"
                }
            },
            "autoload": {
                "classmap": [
                    "src/"
                ]
            },
            "notification-url": "https://packagist.org/downloads/",
            "license": [
                "BSD-3-Clause"
            ],
            "authors": [
                {
                    "name": "Sebastian Bergmann",
                    "email": "sebastian@phpunit.de",
                    "role": "lead"
                }
            ],
            "description": "Invoke callables with a timeout",
            "homepage": "https://github.com/sebastianbergmann/php-invoker/",
            "keywords": [
                "process"
            ],
            "support": {
                "issues": "https://github.com/sebastianbergmann/php-invoker/issues",
                "source": "https://github.com/sebastianbergmann/php-invoker/tree/3.1.1"
            },
            "funding": [
                {
                    "url": "https://github.com/sebastianbergmann",
                    "type": "github"
                }
            ],
            "time": "2020-09-28T05:58:55+00:00"
        }
    ],
    "packages-dev": [],
    "aliases": [],
    "minimum-stability": "stable",
    "stability-flags": [],
    "prefer-stable": false,
    "prefer-lowest": false,
    "platform": {
        "php": "7.3.*"
    },
    "platform-dev": [],
    "plugin-api-version": "2.2.0"
}
